PODS:
  - audioplayers_darwin (0.0.1):
    - FlutterMacOS
  - desktop_drop (0.0.1):
    - FlutterMacOS
  - desktop_lifecycle (0.0.1):
    - FlutterMacOS
  - desktop_window (0.0.1):
    - FlutterMacOS
  - file_selector_macos (0.0.1):
    - FlutterMacOS
  - Firebase/Analytics (8.15.0):
    - Firebase/Core
  - Firebase/Core (8.15.0):
    - Firebase/CoreOnly
    - FirebaseAnalytics (~> 8.15.0)
  - Firebase/CoreOnly (8.15.0):
    - FirebaseCore (= 8.15.0)
  - Firebase/Messaging (8.15.0):
    - Firebase/CoreOnly
    - FirebaseMessaging (~> 8.15.0)
  - firebase_analytics (9.1.9):
    - Firebase/Analytics (= 8.15.0)
    - firebase_core
    - FlutterMacOS
  - firebase_core (1.17.1):
    - Firebase/CoreOnly (~> 8.15.0)
    - FlutterMacOS
  - firebase_messaging (11.4.1):
    - Firebase/CoreOnly (~> 8.15.0)
    - Firebase/Messaging (~> 8.15.0)
    - firebase_core
    - FlutterMacOS
  - FirebaseAnalytics (8.15.0):
    - FirebaseAnalytics/AdIdSupport (= 8.15.0)
    - FirebaseCore (~> 8.0)
    - FirebaseInstallations (~> 8.0)
    - GoogleUtilities/AppDelegateSwizzler (~> 7.7)
    - GoogleUtilities/MethodSwizzler (~> 7.7)
    - GoogleUtilities/Network (~> 7.7)
    - "GoogleUtilities/NSData+zlib (~> 7.7)"
    - nanopb (~> 2.30908.0)
  - FirebaseAnalytics/AdIdSupport (8.15.0):
    - FirebaseCore (~> 8.0)
    - FirebaseInstallations (~> 8.0)
    - GoogleAppMeasurement (= 8.15.0)
    - GoogleUtilities/AppDelegateSwizzler (~> 7.7)
    - GoogleUtilities/MethodSwizzler (~> 7.7)
    - GoogleUtilities/Network (~> 7.7)
    - "GoogleUtilities/NSData+zlib (~> 7.7)"
    - nanopb (~> 2.30908.0)
  - FirebaseCore (8.15.0):
    - FirebaseCoreDiagnostics (~> 8.0)
    - GoogleUtilities/Environment (~> 7.7)
    - GoogleUtilities/Logger (~> 7.7)
  - FirebaseCoreDiagnostics (8.15.0):
    - GoogleDataTransport (~> 9.1)
    - GoogleUtilities/Environment (~> 7.7)
    - GoogleUtilities/Logger (~> 7.7)
    - nanopb (~> 2.30908.0)
  - FirebaseInstallations (8.15.0):
    - FirebaseCore (~> 8.0)
    - GoogleUtilities/Environment (~> 7.7)
    - GoogleUtilities/UserDefaults (~> 7.7)
    - PromisesObjC (< 3.0, >= 1.2)
  - FirebaseMessaging (8.15.0):
    - FirebaseCore (~> 8.0)
    - FirebaseInstallations (~> 8.0)
    - GoogleDataTransport (~> 9.1)
    - GoogleUtilities/AppDelegateSwizzler (~> 7.7)
    - GoogleUtilities/Environment (~> 7.7)
    - GoogleUtilities/Reachability (~> 7.7)
    - GoogleUtilities/UserDefaults (~> 7.7)
    - nanopb (~> 2.30908.0)
  - flutter_local_notifications (0.0.1):
    - FlutterMacOS
  - flutter_webrtc (0.7.1):
    - FlutterMacOS
    - WebRTC-SDK (= 97.4692.05)
  - FlutterMacOS (1.0.0)
  - geolocator_apple (1.2.0):
    - FlutterMacOS
  - GoogleAppMeasurement (8.15.0):
    - GoogleAppMeasurement/AdIdSupport (= 8.15.0)
    - GoogleUtilities/AppDelegateSwizzler (~> 7.7)
    - GoogleUtilities/MethodSwizzler (~> 7.7)
    - GoogleUtilities/Network (~> 7.7)
    - "GoogleUtilities/NSData+zlib (~> 7.7)"
    - nanopb (~> 2.30908.0)
  - GoogleAppMeasurement/AdIdSupport (8.15.0):
    - GoogleAppMeasurement/WithoutAdIdSupport (= 8.15.0)
    - GoogleUtilities/AppDelegateSwizzler (~> 7.7)
    - GoogleUtilities/MethodSwizzler (~> 7.7)
    - GoogleUtilities/Network (~> 7.7)
    - "GoogleUtilities/NSData+zlib (~> 7.7)"
    - nanopb (~> 2.30908.0)
  - GoogleAppMeasurement/WithoutAdIdSupport (8.15.0):
    - GoogleUtilities/AppDelegateSwizzler (~> 7.7)
    - GoogleUtilities/MethodSwizzler (~> 7.7)
    - GoogleUtilities/Network (~> 7.7)
    - "GoogleUtilities/NSData+zlib (~> 7.7)"
    - nanopb (~> 2.30908.0)
  - GoogleDataTransport (9.1.4):
    - GoogleUtilities/Environment (~> 7.7)
    - nanopb (< 2.30910.0, >= 2.30908.0)
    - PromisesObjC (< 3.0, >= 1.2)
  - GoogleUtilities/AppDelegateSwizzler (7.7.0):
    - GoogleUtilities/Environment
    - GoogleUtilities/Logger
    - GoogleUtilities/Network
  - GoogleUtilities/Environment (7.7.0):
    - PromisesObjC (< 3.0, >= 1.2)
  - GoogleUtilities/Logger (7.7.0):
    - GoogleUtilities/Environment
  - GoogleUtilities/MethodSwizzler (7.7.0):
    - GoogleUtilities/Logger
  - GoogleUtilities/Network (7.7.0):
    - GoogleUtilities/Logger
    - "GoogleUtilities/NSData+zlib"
    - GoogleUtilities/Reachability
  - "GoogleUtilities/NSData+zlib (7.7.0)"
  - GoogleUtilities/Reachability (7.7.0):
    - GoogleUtilities/Logger
  - GoogleUtilities/UserDefaults (7.7.0):
    - GoogleUtilities/Logger
  - image_compression_flutter (1.0.0):
    - FlutterMacOS
  - mobile_scanner (0.0.1):
    - FlutterMacOS
  - nanopb (2.30908.0):
    - nanopb/decode (= 2.30908.0)
    - nanopb/encode (= 2.30908.0)
  - nanopb/decode (2.30908.0)
  - nanopb/encode (2.30908.0)
  - pasteboard (0.0.1):
    - FlutterMacOS
  - path_provider_macos (0.0.1):
    - FlutterMacOS
  - photo_manager (2.0.0):
    - Flutter
    - FlutterMacOS
  - PromisesObjC (2.1.0)
  - record_macos (1.0.0):
    - FlutterMacOS
  - shared_preferences_macos (0.0.1):
    - FlutterMacOS
  - url_launcher_macos (0.0.1):
    - FlutterMacOS
  - wakelock_macos (0.0.1):
    - FlutterMacOS
  - WebRTC-SDK (97.4692.05)
  - window_size (0.0.2):
    - FlutterMacOS

DEPENDENCIES:
  - audioplayers_darwin (from `Flutter/ephemeral/.symlinks/plugins/audioplayers_darwin/macos`)
  - desktop_drop (from `Flutter/ephemeral/.symlinks/plugins/desktop_drop/macos`)
  - desktop_lifecycle (from `Flutter/ephemeral/.symlinks/plugins/desktop_lifecycle/macos`)
  - desktop_window (from `Flutter/ephemeral/.symlinks/plugins/desktop_window/macos`)
  - file_selector_macos (from `Flutter/ephemeral/.symlinks/plugins/file_selector_macos/macos`)
  - firebase_analytics (from `Flutter/ephemeral/.symlinks/plugins/firebase_analytics/macos`)
  - firebase_core (from `Flutter/ephemeral/.symlinks/plugins/firebase_core/macos`)
  - firebase_messaging (from `Flutter/ephemeral/.symlinks/plugins/firebase_messaging/macos`)
  - flutter_local_notifications (from `Flutter/ephemeral/.symlinks/plugins/flutter_local_notifications/macos`)
  - flutter_webrtc (from `Flutter/ephemeral/.symlinks/plugins/flutter_webrtc/macos`)
  - FlutterMacOS (from `Flutter/ephemeral`)
  - geolocator_apple (from `Flutter/ephemeral/.symlinks/plugins/geolocator_apple/macos`)
  - image_compression_flutter (from `Flutter/ephemeral/.symlinks/plugins/image_compression_flutter/macos`)
  - mobile_scanner (from `Flutter/ephemeral/.symlinks/plugins/mobile_scanner/macos`)
  - pasteboard (from `Flutter/ephemeral/.symlinks/plugins/pasteboard/macos`)
  - path_provider_macos (from `Flutter/ephemeral/.symlinks/plugins/path_provider_macos/macos`)
  - photo_manager (from `Flutter/ephemeral/.symlinks/plugins/photo_manager/macos`)
  - record_macos (from `Flutter/ephemeral/.symlinks/plugins/record_macos/macos`)
  - shared_preferences_macos (from `Flutter/ephemeral/.symlinks/plugins/shared_preferences_macos/macos`)
  - url_launcher_macos (from `Flutter/ephemeral/.symlinks/plugins/url_launcher_macos/macos`)
  - wakelock_macos (from `Flutter/ephemeral/.symlinks/plugins/wakelock_macos/macos`)
  - window_size (from `Flutter/ephemeral/.symlinks/plugins/window_size/macos`)

SPEC REPOS:
  trunk:
    - Firebase
    - FirebaseAnalytics
    - FirebaseCore
    - FirebaseCoreDiagnostics
    - FirebaseInstallations
    - FirebaseMessaging
    - GoogleAppMeasurement
    - GoogleDataTransport
    - GoogleUtilities
    - nanopb
    - PromisesObjC
    - WebRTC-SDK

EXTERNAL SOURCES:
  audioplayers_darwin:
    :path: Flutter/ephemeral/.symlinks/plugins/audioplayers_darwin/macos
  desktop_drop:
    :path: Flutter/ephemeral/.symlinks/plugins/desktop_drop/macos
  desktop_lifecycle:
    :path: Flutter/ephemeral/.symlinks/plugins/desktop_lifecycle/macos
  desktop_window:
    :path: Flutter/ephemeral/.symlinks/plugins/desktop_window/macos
  file_selector_macos:
    :path: Flutter/ephemeral/.symlinks/plugins/file_selector_macos/macos
  firebase_analytics:
    :path: Flutter/ephemeral/.symlinks/plugins/firebase_analytics/macos
  firebase_core:
    :path: Flutter/ephemeral/.symlinks/plugins/firebase_core/macos
  firebase_messaging:
    :path: Flutter/ephemeral/.symlinks/plugins/firebase_messaging/macos
  flutter_local_notifications:
    :path: Flutter/ephemeral/.symlinks/plugins/flutter_local_notifications/macos
  flutter_webrtc:
    :path: Flutter/ephemeral/.symlinks/plugins/flutter_webrtc/macos
  FlutterMacOS:
    :path: Flutter/ephemeral
  geolocator_apple:
    :path: Flutter/ephemeral/.symlinks/plugins/geolocator_apple/macos
  image_compression_flutter:
    :path: Flutter/ephemeral/.symlinks/plugins/image_compression_flutter/macos
  mobile_scanner:
    :path: Flutter/ephemeral/.symlinks/plugins/mobile_scanner/macos
  pasteboard:
    :path: Flutter/ephemeral/.symlinks/plugins/pasteboard/macos
  path_provider_macos:
    :path: Flutter/ephemeral/.symlinks/plugins/path_provider_macos/macos
  photo_manager:
    :path: Flutter/ephemeral/.symlinks/plugins/photo_manager/macos
  record_macos:
    :path: Flutter/ephemeral/.symlinks/plugins/record_macos/macos
  shared_preferences_macos:
    :path: Flutter/ephemeral/.symlinks/plugins/shared_preferences_macos/macos
  url_launcher_macos:
    :path: Flutter/ephemeral/.symlinks/plugins/url_launcher_macos/macos
  wakelock_macos:
    :path: Flutter/ephemeral/.symlinks/plugins/wakelock_macos/macos
  window_size:
    :path: Flutter/ephemeral/.symlinks/plugins/window_size/macos

SPEC CHECKSUMS:
  audioplayers_darwin: dcad41de4fbd0099cb3749f7ab3b0cb8f70b810c
  desktop_drop: 69eeff437544aa619c8db7f4481b3a65f7696898
  desktop_lifecycle: a600c10e12fe033c7be9078f2e929b8241f2c1e3
  desktop_window: fb7c4f12c1129f947ac482296b6f14059d57a3c3
  file_selector_macos: f1b08a781e66103e3ba279fd5d4024a2478b3af6
  Firebase: 5f8193dff4b5b7c5d5ef72ae54bb76c08e2b841d
  firebase_analytics: d448483150504ed84f25c5437a34af2591a7929e
  firebase_core: 7b87364e2d1eae70018a60698e89e7d6f5320bad
  firebase_messaging: e319ed0a19e37b556c6d9df89e275e36d32a3973
  FirebaseAnalytics: 7761cbadb00a717d8d0939363eb46041526474fa
  FirebaseCore: 5743c5785c074a794d35f2fff7ecc254a91e08b1
  FirebaseCoreDiagnostics: 92e07a649aeb66352b319d43bdd2ee3942af84cb
  FirebaseInstallations: 40bd9054049b2eae9a2c38ef1c3dd213df3605cd
  FirebaseMessaging: 5e5118a2383b3531e730d974680954c679ca0a13
  flutter_local_notifications: 3805ca215b2fb7f397d78b66db91f6a747af52e4
  flutter_webrtc: 37c4efd66d9d306878c1323d5ac5a1d10c748b3a
  FlutterMacOS: 57701585bf7de1b3fc2bb61f6378d73bbdea8424
  geolocator_apple: 72a78ae3f3e4ec0db62117bd93e34523f5011d58
  GoogleAppMeasurement: 4c19f031220c72464d460c9daa1fb5d1acce958e
  GoogleDataTransport: 5fffe35792f8b96ec8d6775f5eccd83c998d5a3b
  GoogleUtilities: e0913149f6b0625b553d70dae12b49fc62914fd1
  image_compression_flutter: 8a67d9fb207a804ddc10d7fd6bc3f2359dbdc34a
  mobile_scanner: 35dc92ffdbd7934b0dbc411b1c731bc2ef23c2dc
  nanopb: a0ba3315591a9ae0a16a309ee504766e90db0c96
  pasteboard: 9b69dba6fedbb04866be632205d532fe2f6b1d99
  path_provider_macos: 3c0c3b4b0d4a76d2bf989a913c2de869c5641a19
  photo_manager: 4f6810b7dfc4feb03b461ac1a70dacf91fba7604
  PromisesObjC: 99b6f43f9e1044bd87a95a60beff28c2c44ddb72
  record_macos: dcf4f2bb654970437e012521cb4ea1fca4f78bb9
  shared_preferences_macos: a64dc611287ed6cbe28fd1297898db1336975727
  url_launcher_macos: 597e05b8e514239626bcf4a850fcf9ef5c856ec3
  wakelock_macos: bc3f2a9bd8d2e6c89fee1e1822e7ddac3bd004a9
  WebRTC-SDK: a6ee40bda0e3f7dba057907c3897374005c5715b
  window_size: 339dafa0b27a95a62a843042038fa6c3c48de195

PODFILE CHECKSUM: 0d3963a09fc94f580682bd88480486da345dc3f0

COCOAPODS: 1.11.3
